
Microsoft Visual Studio Solution File, Format Version 12.00
# Visual Studio Version 17
VisualStudioVersion = 17.0.32014.148
MinimumVisualStudioVersion = 10.0.40219.1
Project("{FAE04EC0-301F-11D3-BF4B-00C04F79EFBC}") = "RazorBlog.UI", "RazorBlog.UI\RazorBlog.UI.csproj", "{59705427-0236-48FD-927C-7EDF4F12571A}"
EndProject
Project("{FAE04EC0-301F-11D3-BF4B-00C04F79EFBC}") = "RazorBlog.BLL", "RazorBlog.BLL\RazorBlog.BLL.csproj", "{8AD1797A-A8F0-43C6-9EAC-7C1D301AC003}"
EndProject
Project("{FAE04EC0-301F-11D3-BF4B-00C04F79EFBC}") = "RazorBlog.DAL", "RazorBlog.DAL\RazorBlog.DAL.csproj", "{209C2287-F7B9-43D0-93C7-3DCF52EF603B}"
EndProject
Project("{FAE04EC0-301F-11D3-BF4B-00C04F79EFBC}") = "RazorBlog.CORE", "RazorBlog.CORE\RazorBlog.CORE.csproj", "{83B4FA1E-5D0C-4B98-B77D-4EF72D6CC2ED}"
EndProject
Global
	GlobalSection(SolutionConfigurationPlatforms) = preSolution
		Debug|Any CPU = Debug|Any CPU
		Release|Any CPU = Release|Any CPU
	EndGlobalSection
	GlobalSection(ProjectConfigurationPlatforms) = postSolution
		{59705427-0236-48FD-927C-7EDF4F12571A}.Debug|Any CPU.ActiveCfg = Debug|Any CPU
		{59705427-0236-48FD-927C-7EDF4F12571A}.Debug|Any CPU.Build.0 = Debug|Any CPU
		{59705427-0236-48FD-927C-7EDF4F12571A}.Release|Any CPU.ActiveCfg = Release|Any CPU
		{59705427-0236-48FD-927C-7EDF4F12571A}.Release|Any CPU.Build.0 = Release|Any CPU
		{8AD1797A-A8F0-43C6-9EAC-7C1D301AC003}.Debug|Any CPU.ActiveCfg = Debug|Any CPU
		{8AD1797A-A8F0-43C6-9EAC-7C1D301AC003}.Debug|Any CPU.Build.0 = Debug|Any CPU
		{8AD1797A-A8F0-43C6-9EAC-7C1D301AC003}.Release|Any CPU.ActiveCfg = Release|Any CPU
		{8AD1797A-A8F0-43C6-9EAC-7C1D301AC003}.Release|Any CPU.Build.0 = Release|Any CPU
		{209C2287-F7B9-43D0-93C7-3DCF52EF603B}.Debug|Any CPU.ActiveCfg = Debug|Any CPU
		{209C2287-F7B9-43D0-93C7-3DCF52EF603B}.Debug|Any CPU.Build.0 = Debug|Any CPU
		{209C2287-F7B9-43D0-93C7-3DCF52EF603B}.Release|Any CPU.ActiveCfg = Release|Any CPU
		{209C2287-F7B9-43D0-93C7-3DCF52EF603B}.Release|Any CPU.Build.0 = Release|Any CPU
		{83B4FA1E-5D0C-4B98-B77D-4EF72D6CC2ED}.Debug|Any CPU.ActiveCfg = Debug|Any CPU
		{83B4FA1E-5D0C-4B98-B77D-4EF72D6CC2ED}.Debug|Any CPU.Build.0 = Debug|Any CPU
		{83B4FA1E-5D0C-4B98-B77D-4EF72D6CC2ED}.Release|Any CPU.ActiveCfg = Release|Any CPU
		{83B4FA1E-5D0C-4B98-B77D-4EF72D6CC2ED}.Release|Any CPU.Build.0 = Release|Any CPU
	EndGlobalSection
	GlobalSection(SolutionProperties) = preSolution
		HideSolutionNode = FALSE
	EndGlobalSection
	GlobalSection(ExtensibilityGlobals) = postSolution
		SolutionGuid = {FF6FBFF0-7FCB-4B5A-BF14-02D1630EC642}
	EndGlobalSection
EndGlobal
